PODS:
  - FMDB (2.5):
    - FMDB/standard (= 2.5)
  - FMDB/common (2.5)
  - FMDB/standard (2.5):
    - FMDB/common
  - JDStatusBarNotification (1.5.2)
  - JHChainableAnimations (1.2.0)
  - MBProgressHUD (0.9.1)
  - RESideMenu (4.0.7)

DEPENDENCIES:
  - FMDB
  - JDStatusBarNotification
  - JHChainableAnimations (~> 1.2.0)
  - MBProgressHUD (~> 0.9.1)
  - RESideMenu (~> 4.0.7)

SPEC CHECKSUMS:
  FMDB: 96e8f1bcc1329e269330f99770ad4285d9003e52
  JDStatusBarNotification: a36d09ccbb047217572b074a61e7ca10dddc5f0a
  JHChainableAnimations: fb5620f6b36f241d039ee924b0ec4db8edefa27f
  MBProgressHUD: c47f2c166c126cf2ce36498d80f33e754d4e93ad
  RESideMenu: f24c508404b49c667344c54aba7e590883533958

COCOAPODS: 0.37.1
